// !$*UTF8*$!
{
	archiveVersion = 1;
	classes = {
	};
	objectVersion = 46;
	objects = {

/* Begin PBXBuildFile section */
		1F8B6B3218D16B4100CF4C84 /* Foundation.framework in Frameworks */ = {isa = PBXBuildFile; fileRef = 1F8B6B3118D16B4100CF4C84 /* Foundation.framework */; };
		1F8B6B3418D16B4100CF4C84 /* CoreGraphics.framework in Frameworks */ = {isa = PBXBuildFile; fileRef = 1F8B6B3318D16B4100CF4C84 /* CoreGraphics.framework */; };
		1F8B6B3618D16B4100CF4C84 /* UIKit.framework in Frameworks */ = {isa = PBXBuildFile; fileRef = 1F8B6B3518D16B4100CF4C84 /* UIKit.framework */; };
		1FE4A93C18D16BF700F53AD9 /* InfoPlist.strings in Resources */ = {isa = PBXBuildFile; fileRef = 1FE4A93318D16BF700F53AD9 /* InfoPlist.strings */; };
		1FE4A93E18D16BF700F53AD9 /* main.m in Sources */ = {isa = PBXBuildFile; fileRef = 1FE4A93718D16BF700F53AD9 /* main.m */; };
		1FE4A93F18D16BF700F53AD9 /* Images.xcassets in Resources */ = {isa = PBXBuildFile; fileRef = 1FE4A93A18D16BF700F53AD9 /* Images.xcassets */; };
		1FE4A94418D16C6D00F53AD9 /* AppDelegate.m in Sources */ = {isa = PBXBuildFile; fileRef = 1FE4A94318D16C6D00F53AD9 /* AppDelegate.m */; };
		1FE4A94718D16C7700F53AD9 /* TTSoundEngine.m in Sources */ = {isa = PBXBuildFile; fileRef = 1FE4A94618D16C7700F53AD9 /* TTSoundEngine.m */; };
		1FE4A94918D16C9F00F53AD9 /* AVFoundation.framework in Frameworks */ = {isa = PBXBuildFile; fileRef = 1FE4A94818D16C9F00F53AD9 /* AVFoundation.framework */; };
		1FE4A94B18D16CA500F53AD9 /* AudioToolbox.framework in Frameworks */ = {isa = PBXBuildFile; fileRef = 1FE4A94A18D16CA500F53AD9 /* AudioToolbox.framework */; };
		379195621DB74FE5002D0AA7 /* Launch Screen.storyboard in Resources */ = {isa = PBXBuildFile; fileRef = 379195611DB74FE5002D0AA7 /* Launch Screen.storyboard */; };
		37D51B681DB7509800CF3AB6 /* Main.storyboard in Resources */ = {isa = PBXBuildFile; fileRef = 37D51B671DB7509800CF3AB6 /* Main.storyboard */; };
		37D51B6C1DB750E800CF3AB6 /* ViewController.m in Sources */ = {isa = PBXBuildFile; fileRef = 37D51B6B1DB750E800CF3AB6 /* ViewController.m */; };
/* End PBXBuildFile section */

/* Begin PBXFileReference section */
		1F8B6B2E18D16B4100CF4C84 /* SoundEngineTest.app */ = {isa = PBXFileReference; explicitFileType = wrapper.application; includeInIndex = 0; path = SoundEngineTest.app; sourceTree = BUILT_PRODUCTS_DIR; };
		1F8B6B3118D16B4100CF4C84 /* Foundation.framework */ = {isa = PBXFileReference; lastKnownFileType = wrapper.framework; name = Foundation.framework; path = System/Library/Frameworks/Foundation.framework; sourceTree = SDKROOT; };
		1F8B6B3318D16B4100CF4C84 /* CoreGraphics.framework */ = {isa = PBXFileReference; lastKnownFileType = wrapper.framework; name = CoreGraphics.framework; path = System/Library/Frameworks/CoreGraphics.framework; sourceTree = SDKROOT; };
		1F8B6B3518D16B4100CF4C84 /* UIKit.framework */ = {isa = PBXFileReference; lastKnownFileType = wrapper.framework; name = UIKit.framework; path = System/Library/Frameworks/UIKit.framework; sourceTree = SDKROOT; };
		1F8B6B4A18D16B4100CF4C84 /* XCTest.framework */ = {isa = PBXFileReference; lastKnownFileType = wrapper.framework; name = XCTest.framework; path = Library/Frameworks/XCTest.framework; sourceTree = DEVELOPER_DIR; };
		1FE4A93418D16BF700F53AD9 /* en */ = {isa = PBXFileReference; lastKnownFileType = text.plist.strings; name = en; path = en.lproj/InfoPlist.strings; sourceTree = "<group>"; };
		1FE4A93518D16BF700F53AD9 /* SoundEngineTest-Info.plist */ = {isa = PBXFileReference; fileEncoding = 4; lastKnownFileType = text.plist.xml; path = "SoundEngineTest-Info.plist"; sourceTree = "<group>"; };
		1FE4A93718D16BF700F53AD9 /* main.m */ = {isa = PBXFileReference; fileEncoding = 4; lastKnownFileType = sourcecode.c.objc; path = main.m; sourceTree = "<group>"; };
		1FE4A93818D16BF700F53AD9 /* SoundEngineTest-Prefix.pch */ = {isa = PBXFileReference; fileEncoding = 4; lastKnownFileType = sourcecode.c.h; path = "SoundEngineTest-Prefix.pch"; sourceTree = "<group>"; };
		1FE4A93A18D16BF700F53AD9 /* Images.xcassets */ = {isa = PBXFileReference; lastKnownFileType = folder.assetcatalog; path = Images.xcassets; sourceTree = "<group>"; };
		1FE4A94218D16C6D00F53AD9 /* AppDelegate.h */ = {isa = PBXFileReference; fileEncoding = 4; lastKnownFileType = sourcecode.c.h; path = AppDelegate.h; sourceTree = "<group>"; };
		1FE4A94318D16C6D00F53AD9 /* AppDelegate.m */ = {isa = PBXFileReference; fileEncoding = 4; lastKnownFileType = sourcecode.c.objc; path = AppDelegate.m; sourceTree = "<group>"; };
		1FE4A94518D16C7700F53AD9 /* TTSoundEngine.h */ = {isa = PBXFileReference; fileEncoding = 4; lastKnownFileType = sourcecode.c.h; name = TTSoundEngine.h; path = "../../../Sound Engine/src/TTSoundEngine.h"; sourceTree = "<group>"; };
		1FE4A94618D16C7700F53AD9 /* TTSoundEngine.m */ = {isa = PBXFileReference; fileEncoding = 4; lastKnownFileType = sourcecode.c.objc; name = TTSoundEngine.m; path = "../../../Sound Engine/src/TTSoundEngine.m"; sourceTree = "<group>"; };
		1FE4A94818D16C9F00F53AD9 /* AVFoundation.framework */ = {isa = PBXFileReference; lastKnownFileType = wrapper.framework; name = AVFoundation.framework; path = System/Library/Frameworks/AVFoundation.framework; sourceTree = SDKROOT; };
		1FE4A94A18D16CA500F53AD9 /* AudioToolbox.framework */ = {isa = PBXFileReference; lastKnownFileType = wrapper.framework; name = AudioToolbox.framework; path = System/Library/Frameworks/AudioToolbox.framework; sourceTree = SDKROOT; };
		379195611DB74FE5002D0AA7 /* Launch Screen.storyboard */ = {isa = PBXFileReference; fileEncoding = 4; lastKnownFileType = file.storyboard; path = "Launch Screen.storyboard"; sourceTree = "<group>"; };
		37D51B671DB7509800CF3AB6 /* Main.storyboard */ = {isa = PBXFileReference; fileEncoding = 4; lastKnownFileType = file.storyboard; path = Main.storyboard; sourceTree = "<group>"; };
		37D51B6A1DB750E800CF3AB6 /* ViewController.h */ = {isa = PBXFileReference; fileEncoding = 4; lastKnownFileType = sourcecode.c.h; path = ViewController.h; sourceTree = "<group>"; };
		37D51B6B1DB750E800CF3AB6 /* ViewController.m */ = {isa = PBXFileReference; fileEncoding = 4; lastKnownFileType = sourcecode.c.objc; path = ViewController.m; sourceTree = "<group>"; };
/* End PBXFileReference section */

/* Begin PBXFrameworksBuildPhase section */
		1F8B6B2B18D16B4100CF4C84 /* Frameworks */ = {
			isa = PBXFrameworksBuildPhase;
			buildActionMask = 2147483647;
			files = (
				1FE4A94B18D16CA500F53AD9 /* AudioToolbox.framework in Frameworks */,
				1FE4A94918D16C9F00F53AD9 /* AVFoundation.framework in Frameworks */,
				1F8B6B3418D16B4100CF4C84 /* CoreGraphics.framework in Frameworks */,
				1F8B6B3618D16B4100CF4C84 /* UIKit.framework in Frameworks */,
				1F8B6B3218D16B4100CF4C84 /* Foundation.framework in Frameworks */,
			);
			runOnlyForDeploymentPostprocessing = 0;
		};
/* End PBXFrameworksBuildPhase section */

/* Begin PBXGroup section */
		1F8B6B2518D16B4100CF4C84 = {
			isa = PBXGroup;
			children = (
				1FE4A92F18D16BF700F53AD9 /* Classes */,
				1FE4A93218D16BF700F53AD9 /* Config */,
				1FE4A93618D16BF700F53AD9 /* Other Sources */,
				1FE4A93918D16BF700F53AD9 /* Resources */,
				1F8B6B3018D16B4100CF4C84 /* Frameworks */,
				1F8B6B2F18D16B4100CF4C84 /* Products */,
			);
			sourceTree = "<group>";
		};
		1F8B6B2F18D16B4100CF4C84 /* Products */ = {
			isa = PBXGroup;
			children = (
				1F8B6B2E18D16B4100CF4C84 /* SoundEngineTest.app */,
			);
			name = Products;
			sourceTree = "<group>";
		};
		1F8B6B3018D16B4100CF4C84 /* Frameworks */ = {
			isa = PBXGroup;
			children = (
				1FE4A94A18D16CA500F53AD9 /* AudioToolbox.framework */,
				1FE4A94818D16C9F00F53AD9 /* AVFoundation.framework */,
				1F8B6B3118D16B4100CF4C84 /* Foundation.framework */,
				1F8B6B3318D16B4100CF4C84 /* CoreGraphics.framework */,
				1F8B6B3518D16B4100CF4C84 /* UIKit.framework */,
				1F8B6B4A18D16B4100CF4C84 /* XCTest.framework */,
			);
			name = Frameworks;
			sourceTree = "<group>";
		};
		1FE4A92F18D16BF700F53AD9 /* Classes */ = {
			isa = PBXGroup;
			children = (
				1FE4A94118D16C6D00F53AD9 /* Application Delegate */,
				37D51B691DB750CE00CF3AB6 /* View Controller */,
				1FE4A94018D16C4B00F53AD9 /* Engine */,
			);
			name = Classes;
			path = "Project Files/Classes";
			sourceTree = "<group>";
		};
		1FE4A93218D16BF700F53AD9 /* Config */ = {
			isa = PBXGroup;
			children = (
				1FE4A93518D16BF700F53AD9 /* SoundEngineTest-Info.plist */,
				1FE4A93318D16BF700F53AD9 /* InfoPlist.strings */,
			);
			name = Config;
			path = "Project Files/Config";
			sourceTree = "<group>";
		};
		1FE4A93618D16BF700F53AD9 /* Other Sources */ = {
			isa = PBXGroup;
			children = (
				1FE4A93718D16BF700F53AD9 /* main.m */,
				1FE4A93818D16BF700F53AD9 /* SoundEngineTest-Prefix.pch */,
			);
			name = "Other Sources";
			path = "Project Files/Other Sources";
			sourceTree = "<group>";
		};
		1FE4A93918D16BF700F53AD9 /* Resources */ = {
			isa = PBXGroup;
			children = (
				37D51B671DB7509800CF3AB6 /* Main.storyboard */,
				379195611DB74FE5002D0AA7 /* Launch Screen.storyboard */,
				1FE4A93A18D16BF700F53AD9 /* Images.xcassets */,
			);
			name = Resources;
			path = "Project Files/Resources";
			sourceTree = "<group>";
		};
		1FE4A94018D16C4B00F53AD9 /* Engine */ = {
			isa = PBXGroup;
			children = (
				1FE4A94518D16C7700F53AD9 /* TTSoundEngine.h */,
				1FE4A94618D16C7700F53AD9 /* TTSoundEngine.m */,
			);
			name = Engine;
			sourceTree = "<group>";
		};
		1FE4A94118D16C6D00F53AD9 /* Application Delegate */ = {
			isa = PBXGroup;
			children = (
				1FE4A94218D16C6D00F53AD9 /* AppDelegate.h */,
				1FE4A94318D16C6D00F53AD9 /* AppDelegate.m */,
			);
			path = "Application Delegate";
			sourceTree = "<group>";
		};
		37D51B691DB750CE00CF3AB6 /* View Controller */ = {
			isa = PBXGroup;
			children = (
				37D51B6A1DB750E800CF3AB6 /* ViewController.h */,
				37D51B6B1DB750E800CF3AB6 /* ViewController.m */,
			);
			path = "View Controller";
			sourceTree = "<group>";
		};
/* End PBXGroup section */

/* Begin PBXNativeTarget section */
		1F8B6B2D18D16B4100CF4C84 /* SoundEngineTest */ = {
			isa = PBXNativeTarget;
			buildConfigurationList = 1F8B6B5A18D16B4100CF4C84 /* Build configuration list for PBXNativeTarget "SoundEngineTest" */;
			buildPhases = (
				1F8B6B2A18D16B4100CF4C84 /* Sources */,
				1F8B6B2B18D16B4100CF4C84 /* Frameworks */,
				1F8B6B2C18D16B4100CF4C84 /* Resources */,
			);
			buildRules = (
			);
			dependencies = (
			);
			name = SoundEngineTest;
			productName = SoundEngineTest;
			productReference = 1F8B6B2E18D16B4100CF4C84 /* SoundEngineTest.app */;
			productType = "com.apple.product-type.application";
		};
/* End PBXNativeTarget section */

/* Begin PBXProject section */
		1F8B6B2618D16B4100CF4C84 /* Project object */ = {
			isa = PBXProject;
			attributes = {
				LastUpgradeCheck = 0510;
				ORGANIZATIONNAME = "Nicolas Miari";
				TargetAttributes = {
					1F8B6B2D18D16B4100CF4C84 = {
						DevelopmentTeam = D2D4S4F85R;
					};
				};
			};
			buildConfigurationList = 1F8B6B2918D16B4100CF4C84 /* Build configuration list for PBXProject "SoundEngineTest" */;
			compatibilityVersion = "Xcode 3.2";
			developmentRegion = English;
			hasScannedForEncodings = 0;
			knownRegions = (
				en,
			);
			mainGroup = 1F8B6B2518D16B4100CF4C84;
			productRefGroup = 1F8B6B2F18D16B4100CF4C84 /* Products */;
			projectDirPath = "";
			projectRoot = "";
			targets = (
				1F8B6B2D18D16B4100CF4C84 /* SoundEngineTest */,
			);
		};
/* End PBXProject section */

/* Begin PBXResourcesBuildPhase section */
		1F8B6B2C18D16B4100CF4C84 /* Resources */ = {
			isa = PBXResourcesBuildPhase;
			buildActionMask = 2147483647;
			files = (
				379195621DB74FE5002D0AA7 /* Launch Screen.storyboard in Resources */,
				1FE4A93F18D16BF700F53AD9 /* Images.xcassets in Resources */,
				1FE4A93C18D16BF700F53AD9 /* InfoPlist.strings in Resources */,
				37D51B681DB7509800CF3AB6 /* Main.storyboard in Resources */,
			);
			runOnlyForDeploymentPostprocessing = 0;
		};
/* End PBXResourcesBuildPhase section */

/* Begin PBXSourcesBuildPhase section */
		1F8B6B2A18D16B4100CF4C84 /* Sources */ = {
			isa = PBXSourcesBuildPhase;
			buildActionMask = 2147483647;
			files = (
				1FE4A94418D16C6D00F53AD9 /* AppDelegate.m in Sources */,
				1FE4A93E18D16BF700F53AD9 /* main.m in Sources */,
				37D51B6C1DB750E800CF3AB6 /* ViewController.m in Sources */,
				1FE4A94718D16C7700F53AD9 /* TTSoundEngine.m in Sources */,
			);
			runOnlyForDeploymentPostprocessing = 0;
		};
/* End PBXSourcesBuildPhase section */

/* Begin PBXVariantGroup section */
		1FE4A93318D16BF700F53AD9 /* InfoPlist.strings */ = {
			isa = PBXVariantGroup;
			children = (
				1FE4A93418D16BF700F53AD9 /* en */,
			);
			name = InfoPlist.strings;
			sourceTree = "<group>";
		};
/* End PBXVariantGroup section */

/* Begin XCBuildConfiguration section */
		1F8B6B5818D16B4100CF4C84 /* Debug */ = {
			isa = XCBuildConfiguration;
			buildSettings = {
				ALWAYS_SEARCH_USER_PATHS = NO;
				CLANG_CXX_LANGUAGE_STANDARD = "gnu++0x";
				CLANG_CXX_LIBRARY = "libc++";
				CLANG_ENABLE_MODULES = YES;
				CLANG_ENABLE_OBJC_ARC = YES;
				CLANG_WARN_BOOL_CONVERSION = YES;
				CLANG_WARN_CONSTANT_CONVERSION = YES;
				CLANG_WARN_DIRECT_OBJC_ISA_USAGE = YES_ERROR;
				CLANG_WARN_EMPTY_BODY = YES;
				CLANG_WARN_ENUM_CONVERSION = YES;
				CLANG_WARN_INT_CONVERSION = YES;
				CLANG_WARN_OBJC_ROOT_CLASS = YES_ERROR;
				CLANG_WARN__DUPLICATE_METHOD_MATCH = YES;
				"CODE_SIGN_IDENTITY[sdk=iphoneos*]" = "iPhone Developer";
				COPY_PHASE_STRIP = NO;
				GCC_C_LANGUAGE_STANDARD = gnu99;
				GCC_DYNAMIC_NO_PIC = NO;
				GCC_OPTIMIZATION_LEVEL = 0;
				GCC_PREPROCESSOR_DEFINITIONS = (
					"DEBUG=1",
					"$(inherited)",
				);
				GCC_SYMBOLS_PRIVATE_EXTERN = NO;
				GCC_WARN_64_TO_32_BIT_CONVERSION = YES;
				GCC_WARN_ABOUT_RETURN_TYPE = YES_ERROR;
				GCC_WARN_UNDECLARED_SELECTOR = YES;
				GCC_WARN_UNINITIALIZED_AUTOS = YES_AGGRESSIVE;
				GCC_WARN_UNUSED_FUNCTION = YES;
				GCC_WARN_UNUSED_VARIABLE = YES;
				IPHONEOS_DEPLOYMENT_TARGET = 7.1;
				ONLY_ACTIVE_ARCH = YES;
				SDKROOT = iphoneos;
				TARGETED_DEVICE_FAMILY = "1,2";
			};
			name = Debug;
		};
		1F8B6B5918D16B4100CF4C84 /* Release */ = {
			isa = XCBuildConfiguration;
			buildSettings = {
				ALWAYS_SEARCH_USER_PATHS = NO;
				CLANG_CXX_LANGUAGE_STANDARD = "gnu++0x";
				CLANG_CXX_LIBRARY = "libc++";
				CLANG_ENABLE_MODULES = YES;
				CLANG_ENABLE_OBJC_ARC = YES;
				CLANG_WARN_BOOL_CONVERSION = YES;
				CLANG_WARN_CONSTANT_CONVERSION = YES;
				CLANG_WARN_DIRECT_OBJC_ISA_USAGE = YES_ERROR;
				CLANG_WARN_EMPTY_BODY = YES;
				CLANG_WARN_ENUM_CONVERSION = YES;
				CLANG_WARN_INT_CONVERSION = YES;
				CLANG_WARN_OBJC_ROOT_CLASS = YES_ERROR;
				CLANG_WARN__DUPLICATE_METHOD_MATCH = YES;
				"CODE_SIGN_IDENTITY[sdk=iphoneos*]" = "iPhone Developer";
				COPY_PHASE_STRIP = YES;
				ENABLE_NS_ASSERTIONS = NO;
				GCC_C_LANGUAGE_STANDARD = gnu99;
				GCC_WARN_64_TO_32_BIT_CONVERSION = YES;
				GCC_WARN_ABOUT_RETURN_TYPE = YES_ERROR;
				GCC_WARN_UNDECLARED_SELECTOR = YES;
				GCC_WARN_UNINITIALIZED_AUTOS = YES_AGGRESSIVE;
				GCC_WARN_UNUSED_FUNCTION = YES;
				GCC_WARN_UNUSED_VARIABLE = YES;
				IPHONEOS_DEPLOYMENT_TARGET = 7.1;
				SDKROOT = iphoneos;
				TARGETED_DEVICE_FAMILY = "1,2";
				VALIDATE_PRODUCT = YES;
			};
			name = Release;
		};
		1F8B6B5B18D16B4100CF4C84 /* Debug */ = {
			isa = XCBuildConfiguration;
			buildSettings = {
				ASSETCATALOG_COMPILER_APPICON_NAME = AppIcon;
				DEVELOPMENT_TEAM = D2D4S4F85R;
				GCC_PRECOMPILE_PREFIX_HEADER = YES;
				GCC_PREFIX_HEADER = "Project Files/Other Sources/SoundEngineTest-Prefix.pch";
				INFOPLIST_FILE = "Project Files/Config/SoundEngineTest-Info.plist";
				IPHONEOS_DEPLOYMENT_TARGET = 8.0;
				PRODUCT_NAME = "$(TARGET_NAME)";
				WRAPPER_EXTENSION = app;
			};
			name = Debug;
		};
		1F8B6B5C18D16B4100CF4C84 /* Release */ = {
			isa = XCBuildConfiguration;
			buildSettings = {
				ASSETCATALOG_COMPILER_APPICON_NAME = AppIcon;
				DEVELOPMENT_TEAM = D2D4S4F85R;
				GCC_PRECOMPILE_PREFIX_HEADER = YES;
				GCC_PREFIX_HEADER = "Project Files/Other Sources/SoundEngineTest-Prefix.pch";
				INFOPLIST_FILE = "Project Files/Config/SoundEngineTest-Info.plist";
				IPHONEOS_DEPLOYMENT_TARGET = 8.0;
				PRODUCT_NAME = "$(TARGET_NAME)";
				WRAPPER_EXTENSION = app;
			};
			name = Release;
		};
/* End XCBuildConfiguration section */

/* Begin XCConfigurationList section */
		1F8B6B2918D16B4100CF4C84 /* Build configuration list for PBXProject "SoundEngineTest" */ = {
			isa = XCConfigurationList;
			buildConfigurations = (
				1F8B6B5818D16B4100CF4C84 /* Debug */,
				1F8B6B5918D16B4100CF4C84 /* Release */,
			);
			defaultConfigurationIsVisible = 0;
			defaultConfigurationName = Release;
		};
		1F8B6B5A18D16B4100CF4C84 /* Build configuration list for PBXNativeTarget "SoundEngineTest" */ = {
			isa = XCConfigurationList;
			buildConfigurations = (
				1F8B6B5B18D16B4100CF4C84 /* Debug */,
				1F8B6B5C18D16B4100CF4C84 /* Release */,
			);
			defaultConfigurationIsVisible = 0;
			defaultConfigurationName = Release;
		};
/* End XCConfigurationList section */
	};
	rootObject = 1F8B6B2618D16B4100CF4C84 /* Project object */;
}
